# THIS IS AN AUTOGENERATED FILE. DO NOT EDIT THIS FILE DIRECTLY.
# yarn lockfile v1


"@babel/runtime-corejs3@^7.14.7":
  version "7.14.9"
  resolved "https://registry.nlark.com/@babel/runtime-corejs3/download/@babel/runtime-corejs3-7.14.9.tgz?cache=0&sync_timestamp=1627804561353&other_urls=https%3A%2F%2Fregistry.nlark.com%2F%40babel%2Fruntime-corejs3%2Fdownload%2F%40babel%2Fruntime-corejs3-7.14.9.tgz#fb21b1cf11650dcb8fcf4de2e6b3b8cf411da3f3"
  integrity sha1-+yGxzxFlDcuPz03i5rO4z0Edo/M=
  dependencies:
    core-js-pure "^3.16.0"
    regenerator-runtime "^0.13.4"

core-js-pure@^3.16.0:
  version "3.16.0"
  resolved "https://registry.nlark.com/core-js-pure/download/core-js-pure-3.16.0.tgz?cache=0&sync_timestamp=1627616580465&other_urls=https%3A%2F%2Fregistry.nlark.com%2Fcore-js-pure%2Fdownload%2Fcore-js-pure-3.16.0.tgz#218e07add3f1844e53fab195c47871fc5ba18de8"
  integrity sha1-IY4HrdPxhE5T+rGVxHhx/Fuhjeg=

"js-tokens@^3.0.0 || ^4.0.0":
  version "4.0.0"
  resolved "https://registry.nlark.com/js-tokens/download/js-tokens-4.0.0.tgz#19203fb59991df98e3a287050d4647cdeaf32499"
  integrity sha1-GSA/tZmR35jjoocFDUZHzerzJJk=

loose-envify@^1.1.0:
  version "1.4.0"
  resolved "https://registry.npm.taobao.org/loose-envify/download/loose-envify-1.4.0.tgz#71ee51fa7be4caec1a63839f7e682d8132d30caf"
  integrity sha1-ce5R+nvkyuwaY4OffmgtgTLTDK8=
  dependencies:
    js-tokens "^3.0.0 || ^4.0.0"

object-assign@^4.1.1:
  version "4.1.1"
  resolved "https://registry.nlark.com/object-assign/download/object-assign-4.1.1.tgz?cache=0&sync_timestamp=1618847240432&other_urls=https%3A%2F%2Fregistry.nlark.com%2Fobject-assign%2Fdownload%2Fobject-assign-4.1.1.tgz#2109adc7965887cfc05cbbd442cac8bfbb360863"
  integrity sha1-IQmtx5ZYh8/AXLvUQsrIv7s2CGM=

regenerator-runtime@^0.13.4:
  version "0.13.9"
  resolved "https://registry.nlark.com/regenerator-runtime/download/regenerator-runtime-0.13.9.tgz?cache=0&sync_timestamp=1626993001371&other_urls=https%3A%2F%2Fregistry.nlark.com%2Fregenerator-runtime%2Fdownload%2Fregenerator-runtime-0.13.9.tgz#8925742a98ffd90814988d7566ad30ca3b263b52"
  integrity sha1-iSV0Kpj/2QgUmI11Zq0wyjsmO1I=

scheduler@^0.20.2:
  version "0.20.2"
  resolved "https://registry.nlark.com/scheduler/download/scheduler-0.20.2.tgz#4baee39436e34aa93b4874bddcbf0fe8b8b50e91"
  integrity sha1-S67jlDbjSqk7SHS93L8P6Li1DpE=
  dependencies:
    loose-envify "^1.1.0"
    object-assign "^4.1.1"

use-context-selector@^1.3.7:
  version "1.3.7"
  resolved "https://registry.nlark.com/use-context-selector/download/use-context-selector-1.3.7.tgz#4e59270baa73417dcb0c5c6c124359fd0e8b3aaf"
  integrity sha1-TlknC6pzQX3LDFxsEkNZ/Q6LOq8=
