# THIS IS AN AUTOGENERATED FILE. DO NOT EDIT THIS FILE DIRECTLY.
# yarn lockfile v1


"@babel/runtime-corejs3@^7.14.7":
  version "7.14.9"
  resolved "https://registry.nlark.com/@babel/runtime-corejs3/download/@babel/runtime-corejs3-7.14.9.tgz?cache=0&sync_timestamp=1627804561353&other_urls=https%3A%2F%2Fregistry.nlark.com%2F%40babel%2Fruntime-corejs3%2Fdownload%2F%40babel%2Fruntime-corejs3-7.14.9.tgz#fb21b1cf11650dcb8fcf4de2e6b3b8cf411da3f3"
  integrity sha1-+yGxzxFlDcuPz03i5rO4z0Edo/M=
  dependencies:
    core-js-pure "^3.16.0"
    regenerator-runtime "^0.13.4"

"@babel/runtime@^7.7.6":
  version "7.14.8"
  resolved "https://registry.nlark.com/@babel/runtime/download/@babel/runtime-7.14.8.tgz#7119a56f421018852694290b9f9148097391b446"
  integrity sha1-cRmlb0IQGIUmlCkLn5FICXORtEY=
  dependencies:
    regenerator-runtime "^0.13.4"

core-js-pure@^3.16.0:
  version "3.16.0"
  resolved "https://registry.nlark.com/core-js-pure/download/core-js-pure-3.16.0.tgz?cache=0&sync_timestamp=1627616580465&other_urls=https%3A%2F%2Fregistry.nlark.com%2Fcore-js-pure%2Fdownload%2Fcore-js-pure-3.16.0.tgz#218e07add3f1844e53fab195c47871fc5ba18de8"
  integrity sha1-IY4HrdPxhE5T+rGVxHhx/Fuhjeg=

history@^5.0.0:
  version "5.0.0"
  resolved "https://registry.nlark.com/history/download/history-5.0.0.tgz#0cabbb6c4bbf835addb874f8259f6d25101efd08"
  integrity sha1-DKu7bEu/g1rduHT4JZ9tJRAe/Qg=
  dependencies:
    "@babel/runtime" "^7.7.6"

mobile-detect@^1.4.5:
  version "1.4.5"
  resolved "https://registry.nlark.com/mobile-detect/download/mobile-detect-1.4.5.tgz#da393c3c413ca1a9bcdd9ced653c38281c0fb6ad"
  integrity sha1-2jk8PEE8oam83ZztZTw4KBwPtq0=

regenerator-runtime@^0.13.4:
  version "0.13.9"
  resolved "https://registry.nlark.com/regenerator-runtime/download/regenerator-runtime-0.13.9.tgz?cache=0&sync_timestamp=1626993001371&other_urls=https%3A%2F%2Fregistry.nlark.com%2Fregenerator-runtime%2Fdownload%2Fregenerator-runtime-0.13.9.tgz#8925742a98ffd90814988d7566ad30ca3b263b52"
  integrity sha1-iSV0Kpj/2QgUmI11Zq0wyjsmO1I=
