# THIS IS AN AUTOGENERATED FILE. DO NOT EDIT THIS FILE DIRECTLY.
# yarn lockfile v1


"@babel/runtime-corejs3@^7.14.7":
  version "7.14.7"
  resolved "https://registry.npmjs.org/@babel/runtime-corejs3/-/runtime-corejs3-7.14.7.tgz#0ef292bbce40ca00f874c9724ef175a12476465c"
  integrity sha512-Wvzcw4mBYbTagyBVZpAJWI06auSIj033T/yNE0Zn1xcup83MieCddZA7ls3kme17L4NOGBrQ09Q+nKB41RLWBA==
  dependencies:
    core-js-pure "^3.15.0"
    regenerator-runtime "^0.13.4"

"@babel/runtime@^7.7.6":
  version "7.14.8"
  resolved "https://registry.npmjs.org/@babel/runtime/-/runtime-7.14.8.tgz#7119a56f421018852694290b9f9148097391b446"
  integrity sha512-twj3L8Og5SaCRCErB4x4ajbvBIVV77CGeFglHpeg5WC5FF8TZzBWXtTJ4MqaD9QszLYTtr+IsaAL2rEUevb+eg==
  dependencies:
    regenerator-runtime "^0.13.4"

core-js-pure@^3.15.0:
  version "3.15.2"
  resolved "https://registry.npmjs.org/core-js-pure/-/core-js-pure-3.15.2.tgz#c8e0874822705f3385d3197af9348f7c9ae2e3ce"
  integrity sha512-D42L7RYh1J2grW8ttxoY1+17Y4wXZeKe7uyplAI3FkNQyI5OgBIAjUfFiTPfL1rs0qLpxaabITNbjKl1Sp82tA==

history@^5.0.0:
  version "5.0.0"
  resolved "https://registry.npmjs.org/history/-/history-5.0.0.tgz#0cabbb6c4bbf835addb874f8259f6d25101efd08"
  integrity sha512-3NyRMKIiFSJmIPdq7FxkNMJkQ7ZEtVblOQ38VtKaA0zZMW1Eo6Q6W8oDKEflr1kNNTItSnk4JMCO1deeSgbLLg==
  dependencies:
    "@babel/runtime" "^7.7.6"

mobile-detect@^1.4.5:
  version "1.4.5"
  resolved "https://registry.npmjs.org/mobile-detect/-/mobile-detect-1.4.5.tgz#da393c3c413ca1a9bcdd9ced653c38281c0fb6ad"
  integrity sha512-yc0LhH6tItlvfLBugVUEtgawwFU2sIe+cSdmRJJCTMZ5GEJyLxNyC/NIOAOGk67Fa8GNpOttO3Xz/1bHpXFD/g==

regenerator-runtime@^0.13.4:
  version "0.13.7"
  resolved "https://registry.npmjs.org/regenerator-runtime/-/regenerator-runtime-0.13.7.tgz#cac2dacc8a1ea675feaabaeb8ae833898ae46f55"
  integrity sha512-a54FxoJDIr27pgf7IgeQGxmqUNYrcV338lf/6gH456HZ/PhX+5BcwHXG9ajESmwe6WRO0tAzRUrRmNONWgkrew==
