# THIS IS AN AUTOGENERATED FILE. DO NOT EDIT THIS FILE DIRECTLY.
# yarn lockfile v1


"@babel/runtime-corejs3@^7.14.7":
  version "7.14.8"
  resolved "https://registry.nlark.com/@babel/runtime-corejs3/download/@babel/runtime-corejs3-7.14.8.tgz#68539e0129f13eb1ed9a9aa273d3542b93c88384"
  integrity sha1-aFOeASnxPrHtmpqic9NUK5PIg4Q=
  dependencies:
    core-js-pure "^3.15.0"
    regenerator-runtime "^0.13.4"

core-js-pure@^3.15.0:
  version "3.15.2"
  resolved "https://registry.nlark.com/core-js-pure/download/core-js-pure-3.15.2.tgz#c8e0874822705f3385d3197af9348f7c9ae2e3ce"
  integrity sha1-yOCHSCJwXzOF0xl6+TSPfJri484=

regenerator-runtime@^0.13.4:
  version "0.13.7"
  resolved "https://registry.nlark.com/regenerator-runtime/download/regenerator-runtime-0.13.7.tgz#cac2dacc8a1ea675feaabaeb8ae833898ae46f55"
  integrity sha1-ysLazIoepnX+qrrriugziYrkb1U=
